
Microsoft Visual Studio Solution File, Format Version 12.00
# Visual Studio Version 17
VisualStudioVersion = 17.9.34723.18
MinimumVisualStudioVersion = 10.0.40219.1
Project("{FAE04EC0-301F-11D3-BF4B-00C04F79EFBC}") = "WinFormsApp1", "WinFormsApp1.csproj", "{460624E0-8D18-49A6-A13F-F813AA52FA0A}"
EndProject
Global
	GlobalSection(SolutionConfigurationPlatforms) = preSolution
		Debug|Any CPU = Debug|Any CPU
		Release|Any CPU = Release|Any CPU
	EndGlobalSection
	GlobalSection(ProjectConfigurationPlatforms) = postSolution
		{460624E0-8D18-49A6-A13F-F813AA52FA0A}.Debug|Any CPU.ActiveCfg = Debug|Any CPU
		{460624E0-8D18-49A6-A13F-F813AA52FA0A}.Debug|Any CPU.Build.0 = Debug|Any CPU
		{460624E0-8D18-49A6-A13F-F813AA52FA0A}.Release|Any CPU.ActiveCfg = Release|Any CPU
		{460624E0-8D18-49A6-A13F-F813AA52FA0A}.Release|Any CPU.Build.0 = Release|Any CPU
	EndGlobalSection
	GlobalSection(SolutionProperties) = preSolution
		HideSolutionNode = FALSE
	EndGlobalSection
	GlobalSection(ExtensibilityGlobals) = postSolution
		SolutionGuid = {7B93912A-474D-4E4C-9D7D-A797428B1998}
	EndGlobalSection
EndGlobal
