
Microsoft Visual Studio Solution File, Format Version 12.00
# Visual Studio Version 17
VisualStudioVersion = 17.9.34723.18
MinimumVisualStudioVersion = 10.0.40219.1
Project("{9A19103F-16F7-4668-BE54-9A1E7A4F7556}") = "WinFormsApp1", "WinFormsApp1.csproj", "{460624E0-8D18-49A6-A13F-F813AA52FA0A}"
EndProject
Project("{9A19103F-16F7-4668-BE54-9A1E7A4F7556}") = "Calculation of fuel consumption", "..\Calculation of fuel consumption\Calculation of fuel consumption.csproj", "{0927424C-0591-4415-9622-0686B384A312}"
EndProject
Project("{9A19103F-16F7-4668-BE54-9A1E7A4F7556}") = "GetUsdRate", "..\GetUsdRate\GetUsdRate.csproj", "{4E3C3C91-A03D-437F-828E-BA9F181BB746}"
EndProject
Project("{FAE04EC0-301F-11D3-BF4B-00C04F79EFBC}") = "DayNight", "..\DayNight\DayNight.csproj", "{9326F68B-9EE3-4302-99AA-8F5C06555C5D}"
EndProject
Global
	GlobalSection(SolutionConfigurationPlatforms) = preSolution
		Debug|Any CPU = Debug|Any CPU
		Release|Any CPU = Release|Any CPU
	EndGlobalSection
	GlobalSection(ProjectConfigurationPlatforms) = postSolution
		{460624E0-8D18-49A6-A13F-F813AA52FA0A}.Debug|Any CPU.ActiveCfg = Debug|Any CPU
		{460624E0-8D18-49A6-A13F-F813AA52FA0A}.Debug|Any CPU.Build.0 = Debug|Any CPU
		{460624E0-8D18-49A6-A13F-F813AA52FA0A}.Release|Any CPU.ActiveCfg = Release|Any CPU
		{460624E0-8D18-49A6-A13F-F813AA52FA0A}.Release|Any CPU.Build.0 = Release|Any CPU
		{0927424C-0591-4415-9622-0686B384A312}.Debug|Any CPU.ActiveCfg = Debug|Any CPU
		{0927424C-0591-4415-9622-0686B384A312}.Debug|Any CPU.Build.0 = Debug|Any CPU
		{0927424C-0591-4415-9622-0686B384A312}.Release|Any CPU.ActiveCfg = Release|Any CPU
		{0927424C-0591-4415-9622-0686B384A312}.Release|Any CPU.Build.0 = Release|Any CPU
		{4E3C3C91-A03D-437F-828E-BA9F181BB746}.Debug|Any CPU.ActiveCfg = Debug|Any CPU
		{4E3C3C91-A03D-437F-828E-BA9F181BB746}.Debug|Any CPU.Build.0 = Debug|Any CPU
		{4E3C3C91-A03D-437F-828E-BA9F181BB746}.Release|Any CPU.ActiveCfg = Release|Any CPU
		{4E3C3C91-A03D-437F-828E-BA9F181BB746}.Release|Any CPU.Build.0 = Release|Any CPU
		{9326F68B-9EE3-4302-99AA-8F5C06555C5D}.Debug|Any CPU.ActiveCfg = Debug|Any CPU
		{9326F68B-9EE3-4302-99AA-8F5C06555C5D}.Debug|Any CPU.Build.0 = Debug|Any CPU
		{9326F68B-9EE3-4302-99AA-8F5C06555C5D}.Release|Any CPU.ActiveCfg = Release|Any CPU
		{9326F68B-9EE3-4302-99AA-8F5C06555C5D}.Release|Any CPU.Build.0 = Release|Any CPU
	EndGlobalSection
	GlobalSection(SolutionProperties) = preSolution
		HideSolutionNode = FALSE
	EndGlobalSection
	GlobalSection(ExtensibilityGlobals) = postSolution
		SolutionGuid = {7B93912A-474D-4E4C-9D7D-A797428B1998}
	EndGlobalSection
EndGlobal
